
Microsoft Visual Studio Solution File, Format Version 12.00
# Visual Studio 2013
VisualStudioVersion = 12.0.30723.0
MinimumVisualStudioVersion = 10.0.40219.1
Project("{8BC9CEB8-8B4A-11D0-8D11-00A0C91BC942}") = "Test1_simple_triangle", "Test1_simple_triangle\Test1_simple_triangle.vcxproj", "{2FD753A2-3DE4-4EBF-AE97-099FE4AD4513}"
	ProjectSection(ProjectDependencies) = postProject
		{DB8F77D8-7832-4892-B23F-13027C88534B} = {DB8F77D8-7832-4892-B23F-13027C88534B}
	EndProjectSection
EndProject
Project("{8BC9CEB8-8B4A-11D0-8D11-00A0C91BC942}") = "Test2_texture_unpack_pixel", "Test2_texture_unpack_pixel\Test2_texture_unpack_pixel.vcxproj", "{4ADB98B9-0FB0-4BC0-B9AE-DB5D806AFDAE}"
	ProjectSection(ProjectDependencies) = postProject
		{DB8F77D8-7832-4892-B23F-13027C88534B} = {DB8F77D8-7832-4892-B23F-13027C88534B}
	EndProjectSection
EndProject
Project("{8BC9CEB8-8B4A-11D0-8D11-00A0C91BC942}") = "TestCommonLib", "TestCommonLib\TestCommonLib.vcxproj", "{DB8F77D8-7832-4892-B23F-13027C88534B}"
EndProject
Global
	GlobalSection(SolutionConfigurationPlatforms) = preSolution
		Debug|Win32 = Debug|Win32
		Release|Win32 = Release|Win32
	EndGlobalSection
	GlobalSection(ProjectConfigurationPlatforms) = postSolution
		{2FD753A2-3DE4-4EBF-AE97-099FE4AD4513}.Debug|Win32.ActiveCfg = Debug|Win32
		{2FD753A2-3DE4-4EBF-AE97-099FE4AD4513}.Debug|Win32.Build.0 = Debug|Win32
		{2FD753A2-3DE4-4EBF-AE97-099FE4AD4513}.Release|Win32.ActiveCfg = Release|Win32
		{2FD753A2-3DE4-4EBF-AE97-099FE4AD4513}.Release|Win32.Build.0 = Release|Win32
		{4ADB98B9-0FB0-4BC0-B9AE-DB5D806AFDAE}.Debug|Win32.ActiveCfg = Debug|Win32
		{4ADB98B9-0FB0-4BC0-B9AE-DB5D806AFDAE}.Debug|Win32.Build.0 = Debug|Win32
		{4ADB98B9-0FB0-4BC0-B9AE-DB5D806AFDAE}.Release|Win32.ActiveCfg = Release|Win32
		{4ADB98B9-0FB0-4BC0-B9AE-DB5D806AFDAE}.Release|Win32.Build.0 = Release|Win32
		{DB8F77D8-7832-4892-B23F-13027C88534B}.Debug|Win32.ActiveCfg = Debug|Win32
		{DB8F77D8-7832-4892-B23F-13027C88534B}.Debug|Win32.Build.0 = Debug|Win32
		{DB8F77D8-7832-4892-B23F-13027C88534B}.Release|Win32.ActiveCfg = Debug|Win32
		{DB8F77D8-7832-4892-B23F-13027C88534B}.Release|Win32.Build.0 = Debug|Win32
	EndGlobalSection
	GlobalSection(SolutionProperties) = preSolution
		HideSolutionNode = FALSE
	EndGlobalSection
EndGlobal
