
Microsoft Visual Studio Solution File, Format Version 12.00
# Visual Studio 2013
VisualStudioVersion = 12.0.30723.0
MinimumVisualStudioVersion = 10.0.40219.1
Project("{8BC9CEB8-8B4A-11D0-8D11-00A0C91BC942}") = "Test1_simple_triangle", "Test1_simple_triangle\Test1_simple_triangle.vcxproj", "{282C318A-AA77-4F5A-9337-6278B46A2CC6}"
EndProject
Project("{8BC9CEB8-8B4A-11D0-8D11-00A0C91BC942}") = "Test2_texture_unpack_pixel", "Test2_texture_unpack_pixel\Test2_texture_unpack_pixel.vcxproj", "{EC47E1A3-344B-47CD-8741-EC5B54388405}"
EndProject
Project("{8BC9CEB8-8B4A-11D0-8D11-00A0C91BC942}") = "Test3_GetProgramBinary", "Test3_GetProgramBinary\Test3_GetProgramBinary.vcxproj", "{862763F8-786D-43C8-8E42-EAC73D7910B3}"
EndProject
Project("{8BC9CEB8-8B4A-11D0-8D11-00A0C91BC942}") = "Test4_texture_write_read", "Test4_texture_write_read\Test4_texture_write_read.vcxproj", "{4FBC5065-38CF-4A0F-B19D-F9B7F4AA552E}"
EndProject
Project("{8BC9CEB8-8B4A-11D0-8D11-00A0C91BC942}") = "Test5_DrawCall", "Test5_DrawCall\Test5_DrawCall.vcxproj", "{0E8FA189-1A03-4BDE-B39F-607B47314244}"
EndProject
Global
	GlobalSection(SolutionConfigurationPlatforms) = preSolution
		Debug|Win32 = Debug|Win32
		Release|Win32 = Release|Win32
	EndGlobalSection
	GlobalSection(ProjectConfigurationPlatforms) = postSolution
		{282C318A-AA77-4F5A-9337-6278B46A2CC6}.Debug|Win32.ActiveCfg = Debug|Win32
		{282C318A-AA77-4F5A-9337-6278B46A2CC6}.Debug|Win32.Build.0 = Debug|Win32
		{282C318A-AA77-4F5A-9337-6278B46A2CC6}.Release|Win32.ActiveCfg = Release|Win32
		{282C318A-AA77-4F5A-9337-6278B46A2CC6}.Release|Win32.Build.0 = Release|Win32
		{EC47E1A3-344B-47CD-8741-EC5B54388405}.Debug|Win32.ActiveCfg = Debug|Win32
		{EC47E1A3-344B-47CD-8741-EC5B54388405}.Debug|Win32.Build.0 = Debug|Win32
		{EC47E1A3-344B-47CD-8741-EC5B54388405}.Release|Win32.ActiveCfg = Release|Win32
		{EC47E1A3-344B-47CD-8741-EC5B54388405}.Release|Win32.Build.0 = Release|Win32
		{862763F8-786D-43C8-8E42-EAC73D7910B3}.Debug|Win32.ActiveCfg = Debug|Win32
		{862763F8-786D-43C8-8E42-EAC73D7910B3}.Debug|Win32.Build.0 = Debug|Win32
		{862763F8-786D-43C8-8E42-EAC73D7910B3}.Release|Win32.ActiveCfg = Release|Win32
		{862763F8-786D-43C8-8E42-EAC73D7910B3}.Release|Win32.Build.0 = Release|Win32
		{4FBC5065-38CF-4A0F-B19D-F9B7F4AA552E}.Debug|Win32.ActiveCfg = Debug|Win32
		{4FBC5065-38CF-4A0F-B19D-F9B7F4AA552E}.Debug|Win32.Build.0 = Debug|Win32
		{4FBC5065-38CF-4A0F-B19D-F9B7F4AA552E}.Release|Win32.ActiveCfg = Release|Win32
		{4FBC5065-38CF-4A0F-B19D-F9B7F4AA552E}.Release|Win32.Build.0 = Release|Win32
		{0E8FA189-1A03-4BDE-B39F-607B47314244}.Debug|Win32.ActiveCfg = Debug|Win32
		{0E8FA189-1A03-4BDE-B39F-607B47314244}.Debug|Win32.Build.0 = Debug|Win32
		{0E8FA189-1A03-4BDE-B39F-607B47314244}.Release|Win32.ActiveCfg = Release|Win32
		{0E8FA189-1A03-4BDE-B39F-607B47314244}.Release|Win32.Build.0 = Release|Win32
	EndGlobalSection
	GlobalSection(SolutionProperties) = preSolution
		HideSolutionNode = FALSE
	EndGlobalSection
EndGlobal
