<?xml version="1.0" encoding="utf-8"?>
<Project ToolsVersion="4.0" xmlns="http://schemas.microsoft.com/developer/msbuild/2003">
  <ItemGroup>
    <Filter Include="Source Files">
      <UniqueIdentifier>{4FC737F1-C7A5-4376-A066-2A32D752A2FF}</UniqueIdentifier>
      <Extensions>cpp;c;cxx;def;odl;idl;hpj;bat;asm;asmx</Extensions>
    </Filter>
    <Filter Include="Header Files">
      <UniqueIdentifier>{93995380-89BD-4b04-88EB-625FBE52EBFB}</UniqueIdentifier>
      <Extensions>h;hpp;hxx;hm;inl;inc;xsd</Extensions>
    </Filter>
    <Filter Include="Resource Files">
      <UniqueIdentifier>{67DA6AB6-F800-4c08-8B7A-83BB121AAD01}</UniqueIdentifier>
      <Extensions>rc;ico;cur;bmp;dlg;rc2;rct;bin;rgs;gif;jpg;jpeg;jpe;resx</Extensions>
    </Filter>
    <Filter Include="inc">
      <UniqueIdentifier>{6887ee04-059e-4908-96ec-932c518b4994}</UniqueIdentifier>
    </Filter>
    <Filter Include="inc\VTL">
      <UniqueIdentifier>{1c80489a-5827-445a-ba9e-a34b18b76eeb}</UniqueIdentifier>
    </Filter>
  </ItemGroup>
  <ItemGroup>
    <ClCompile Include="Bmc.cpp">
      <Filter>Source Files</Filter>
    </ClCompile>
    <ClCompile Include="BmcDoc.cpp">
      <Filter>Source Files</Filter>
    </ClCompile>
    <ClCompile Include="BmcTR.cpp">
      <Filter>Source Files</Filter>
    </ClCompile>
    <ClCompile Include="BmcView.cpp">
      <Filter>Source Files</Filter>
    </ClCompile>
    <ClCompile Include="CameraInfo.cpp">
      <Filter>Source Files</Filter>
    </ClCompile>
    <ClCompile Include="Cmd2Form.cpp">
      <Filter>Source Files</Filter>
    </ClCompile>
    <ClCompile Include="CmdForm.cpp">
      <Filter>Source Files</Filter>
    </ClCompile>
    <ClCompile Include="Config.cpp">
      <Filter>Source Files</Filter>
    </ClCompile>
    <ClCompile Include="console.cpp">
      <Filter>Source Files</Filter>
    </ClCompile>
    <ClCompile Include="DlgResult.cpp">
      <Filter>Source Files</Filter>
    </ClCompile>
    <ClCompile Include="IrraCache.cpp">
      <Filter>Source Files</Filter>
    </ClCompile>
    <ClCompile Include="MainFrm.cpp">
      <Filter>Source Files</Filter>
    </ClCompile>
    <ClCompile Include="stdafx.cpp">
      <Filter>Source Files</Filter>
    </ClCompile>
  </ItemGroup>
  <ItemGroup>
    <ClInclude Include="Bmc.h">
      <Filter>Header Files</Filter>
    </ClInclude>
    <ClInclude Include="BmcDoc.h">
      <Filter>Header Files</Filter>
    </ClInclude>
    <ClInclude Include="BmcListTemplate.h">
      <Filter>Header Files</Filter>
    </ClInclude>
    <ClInclude Include="BmcTR.h">
      <Filter>Header Files</Filter>
    </ClInclude>
    <ClInclude Include="BmcView.h">
      <Filter>Header Files</Filter>
    </ClInclude>
    <ClInclude Include="CameraInfo.h">
      <Filter>Header Files</Filter>
    </ClInclude>
    <ClInclude Include="Cmd2Form.h">
      <Filter>Header Files</Filter>
    </ClInclude>
    <ClInclude Include="CmdForm.h">
      <Filter>Header Files</Filter>
    </ClInclude>
    <ClInclude Include="Config.h">
      <Filter>Header Files</Filter>
    </ClInclude>
    <ClInclude Include="DlgResult.h">
      <Filter>Header Files</Filter>
    </ClInclude>
    <ClInclude Include="IrraCache.h">
      <Filter>Header Files</Filter>
    </ClInclude>
    <ClInclude Include="MainFrm.h">
      <Filter>Header Files</Filter>
    </ClInclude>
    <ClInclude Include="Resource.h">
      <Filter>Header Files</Filter>
    </ClInclude>
    <ClInclude Include="stdafx.h">
      <Filter>Header Files</Filter>
    </ClInclude>
    <ClInclude Include="..\inc\AccessObj.h">
      <Filter>inc</Filter>
    </ClInclude>
    <ClInclude Include="..\inc\ArcBall.h">
      <Filter>inc</Filter>
    </ClInclude>
    <ClInclude Include="..\inc\BspMaterial.h">
      <Filter>inc</Filter>
    </ClInclude>
    <ClInclude Include="..\inc\BspTexture.h">
      <Filter>inc</Filter>
    </ClInclude>
    <ClInclude Include="..\inc\BspTR.h">
      <Filter>inc</Filter>
    </ClInclude>
    <ClInclude Include="..\inc\color.h">
      <Filter>inc</Filter>
    </ClInclude>
    <ClInclude Include="..\inc\Common.h">
      <Filter>inc</Filter>
    </ClInclude>
    <ClInclude Include="..\inc\FastMath.h">
      <Filter>inc</Filter>
    </ClInclude>
    <ClInclude Include="..\inc\Image.h">
      <Filter>inc</Filter>
    </ClInclude>
    <ClInclude Include="..\inc\LocalFrame.h">
      <Filter>inc</Filter>
    </ClInclude>
    <ClInclude Include="..\inc\McBspTR.h">
      <Filter>inc</Filter>
    </ClInclude>
    <ClInclude Include="..\inc\photonmap.h">
      <Filter>inc</Filter>
    </ClInclude>
    <ClInclude Include="..\inc\PixelInfo.h">
      <Filter>inc</Filter>
    </ClInclude>
    <ClInclude Include="..\inc\qmath.h">
      <Filter>inc</Filter>
    </ClInclude>
    <ClInclude Include="..\inc\Shaders.h">
      <Filter>inc</Filter>
    </ClInclude>
    <ClInclude Include="..\inc\Singleton.h">
      <Filter>inc</Filter>
    </ClInclude>
    <ClInclude Include="..\inc\Vector2f.h">
      <Filter>inc</Filter>
    </ClInclude>
    <ClInclude Include="..\inc\Vector3f.h">
      <Filter>inc</Filter>
    </ClInclude>
    <ClInclude Include="..\inc\VTL\vtl_geometry.h">
      <Filter>inc\VTL</Filter>
    </ClInclude>
    <ClInclude Include="..\inc\VTL\vtl_matrix.h">
      <Filter>inc\VTL</Filter>
    </ClInclude>
    <ClInclude Include="..\inc\VTL\vtl_numeric.h">
      <Filter>inc\VTL</Filter>
    </ClInclude>
    <ClInclude Include="..\inc\VTL\vtl_platform.h">
      <Filter>inc\VTL</Filter>
    </ClInclude>
    <ClInclude Include="..\inc\VTL\vtl_random.h">
      <Filter>inc\VTL</Filter>
    </ClInclude>
    <ClInclude Include="..\inc\VTL\vtl_vector.h">
      <Filter>inc\VTL</Filter>
    </ClInclude>
  </ItemGroup>
  <ItemGroup>
    <None Include="res\Bmc.ico">
      <Filter>Resource Files</Filter>
    </None>
    <None Include="res\Bmc.rc2">
      <Filter>Resource Files</Filter>
    </None>
    <None Include="res\BmcDoc.ico">
      <Filter>Resource Files</Filter>
    </None>
    <None Include="res\rt_manif.bin">
      <Filter>Resource Files</Filter>
    </None>
    <None Include="res\Toolbar.bmp">
      <Filter>Resource Files</Filter>
    </None>
    <None Include="..\inc\VTL\vtl_geometry.inl">
      <Filter>inc\VTL</Filter>
    </None>
    <None Include="ReadMe.txt" />
  </ItemGroup>
  <ItemGroup>
    <ResourceCompile Include="Bmc.rc">
      <Filter>Resource Files</Filter>
    </ResourceCompile>
  </ItemGroup>
  <ItemGroup>
    <CustomBuildStep Include="res\Bmc.manifest" />
  </ItemGroup>
</Project>