
Microsoft Visual Studio Solution File, Format Version 12.00
# Visual Studio 2012
Project("{8BC9CEB8-8B4A-11D0-8D11-00A0C91BC942}") = "TinaEngine", "TinaEngine\TinaEngine.vcxproj", "{A1B41617-7F2A-46B5-A7E9-5C76B7074051}"
	ProjectSection(ProjectDependencies) = postProject
		{0291C57A-6130-4CE5-A645-8F7A42C4DD11} = {0291C57A-6130-4CE5-A645-8F7A42C4DD11}
		{303AFDA7-1F72-4D80-BFF1-1CC86BCB939D} = {303AFDA7-1F72-4D80-BFF1-1CC86BCB939D}
	EndProjectSection
EndProject
Project("{8BC9CEB8-8B4A-11D0-8D11-00A0C91BC942}") = "Tina", "Tina\Tina.vcxproj", "{A7ADD200-64E5-4932-9F82-9D3F089652C1}"
	ProjectSection(ProjectDependencies) = postProject
		{A1B41617-7F2A-46B5-A7E9-5C76B7074051} = {A1B41617-7F2A-46B5-A7E9-5C76B7074051}
		{0291C57A-6130-4CE5-A645-8F7A42C4DD11} = {0291C57A-6130-4CE5-A645-8F7A42C4DD11}
		{303AFDA7-1F72-4D80-BFF1-1CC86BCB939D} = {303AFDA7-1F72-4D80-BFF1-1CC86BCB939D}
	EndProjectSection
EndProject
Project("{8BC9CEB8-8B4A-11D0-8D11-00A0C91BC942}") = "TinaWidget", "TinaWidget\TinaWidget.vcxproj", "{0291C57A-6130-4CE5-A645-8F7A42C4DD11}"
EndProject
Project("{8BC9CEB8-8B4A-11D0-8D11-00A0C91BC942}") = "TinaMath", "TinaMath\TinaMath.vcxproj", "{303AFDA7-1F72-4D80-BFF1-1CC86BCB939D}"
EndProject
Project("{8BC9CEB8-8B4A-11D0-8D11-00A0C91BC942}") = "UnitTest", "UnitTest\UnitTest.vcxproj", "{77CA8AFF-9F3D-477B-9C8D-0BE960B8D162}"
	ProjectSection(ProjectDependencies) = postProject
		{A1B41617-7F2A-46B5-A7E9-5C76B7074051} = {A1B41617-7F2A-46B5-A7E9-5C76B7074051}
		{0291C57A-6130-4CE5-A645-8F7A42C4DD11} = {0291C57A-6130-4CE5-A645-8F7A42C4DD11}
		{303AFDA7-1F72-4D80-BFF1-1CC86BCB939D} = {303AFDA7-1F72-4D80-BFF1-1CC86BCB939D}
	EndProjectSection
EndProject
Global
	GlobalSection(SolutionConfigurationPlatforms) = preSolution
		Debug|Mixed Platforms = Debug|Mixed Platforms
		Debug|Win32 = Debug|Win32
		Debug|x64 = Debug|x64
		Release|Mixed Platforms = Release|Mixed Platforms
		Release|Win32 = Release|Win32
		Release|x64 = Release|x64
	EndGlobalSection
	GlobalSection(ProjectConfigurationPlatforms) = postSolution
		{A1B41617-7F2A-46B5-A7E9-5C76B7074051}.Debug|Mixed Platforms.ActiveCfg = Debug|Win32
		{A1B41617-7F2A-46B5-A7E9-5C76B7074051}.Debug|Mixed Platforms.Build.0 = Debug|Win32
		{A1B41617-7F2A-46B5-A7E9-5C76B7074051}.Debug|Win32.ActiveCfg = Debug|Win32
		{A1B41617-7F2A-46B5-A7E9-5C76B7074051}.Debug|Win32.Build.0 = Debug|Win32
		{A1B41617-7F2A-46B5-A7E9-5C76B7074051}.Debug|x64.ActiveCfg = Debug|x64
		{A1B41617-7F2A-46B5-A7E9-5C76B7074051}.Debug|x64.Build.0 = Debug|x64
		{A1B41617-7F2A-46B5-A7E9-5C76B7074051}.Release|Mixed Platforms.ActiveCfg = Release|Win32
		{A1B41617-7F2A-46B5-A7E9-5C76B7074051}.Release|Mixed Platforms.Build.0 = Release|Win32
		{A1B41617-7F2A-46B5-A7E9-5C76B7074051}.Release|Win32.ActiveCfg = Release|Win32
		{A1B41617-7F2A-46B5-A7E9-5C76B7074051}.Release|Win32.Build.0 = Release|Win32
		{A1B41617-7F2A-46B5-A7E9-5C76B7074051}.Release|x64.ActiveCfg = Release|x64
		{A1B41617-7F2A-46B5-A7E9-5C76B7074051}.Release|x64.Build.0 = Release|x64
		{A7ADD200-64E5-4932-9F82-9D3F089652C1}.Debug|Mixed Platforms.ActiveCfg = Debug|Win32
		{A7ADD200-64E5-4932-9F82-9D3F089652C1}.Debug|Mixed Platforms.Build.0 = Debug|Win32
		{A7ADD200-64E5-4932-9F82-9D3F089652C1}.Debug|Win32.ActiveCfg = Debug|Win32
		{A7ADD200-64E5-4932-9F82-9D3F089652C1}.Debug|Win32.Build.0 = Debug|Win32
		{A7ADD200-64E5-4932-9F82-9D3F089652C1}.Debug|x64.ActiveCfg = Debug|x64
		{A7ADD200-64E5-4932-9F82-9D3F089652C1}.Debug|x64.Build.0 = Debug|x64
		{A7ADD200-64E5-4932-9F82-9D3F089652C1}.Release|Mixed Platforms.ActiveCfg = Release|Win32
		{A7ADD200-64E5-4932-9F82-9D3F089652C1}.Release|Mixed Platforms.Build.0 = Release|Win32
		{A7ADD200-64E5-4932-9F82-9D3F089652C1}.Release|Win32.ActiveCfg = Release|Win32
		{A7ADD200-64E5-4932-9F82-9D3F089652C1}.Release|Win32.Build.0 = Release|Win32
		{A7ADD200-64E5-4932-9F82-9D3F089652C1}.Release|x64.ActiveCfg = Release|x64
		{A7ADD200-64E5-4932-9F82-9D3F089652C1}.Release|x64.Build.0 = Release|x64
		{0291C57A-6130-4CE5-A645-8F7A42C4DD11}.Debug|Mixed Platforms.ActiveCfg = Debug|Win32
		{0291C57A-6130-4CE5-A645-8F7A42C4DD11}.Debug|Mixed Platforms.Build.0 = Debug|Win32
		{0291C57A-6130-4CE5-A645-8F7A42C4DD11}.Debug|Win32.ActiveCfg = Debug|Win32
		{0291C57A-6130-4CE5-A645-8F7A42C4DD11}.Debug|Win32.Build.0 = Debug|Win32
		{0291C57A-6130-4CE5-A645-8F7A42C4DD11}.Debug|x64.ActiveCfg = Debug|x64
		{0291C57A-6130-4CE5-A645-8F7A42C4DD11}.Debug|x64.Build.0 = Debug|x64
		{0291C57A-6130-4CE5-A645-8F7A42C4DD11}.Release|Mixed Platforms.ActiveCfg = Release|Win32
		{0291C57A-6130-4CE5-A645-8F7A42C4DD11}.Release|Mixed Platforms.Build.0 = Release|Win32
		{0291C57A-6130-4CE5-A645-8F7A42C4DD11}.Release|Win32.ActiveCfg = Release|Win32
		{0291C57A-6130-4CE5-A645-8F7A42C4DD11}.Release|Win32.Build.0 = Release|Win32
		{0291C57A-6130-4CE5-A645-8F7A42C4DD11}.Release|x64.ActiveCfg = Release|x64
		{0291C57A-6130-4CE5-A645-8F7A42C4DD11}.Release|x64.Build.0 = Release|x64
		{303AFDA7-1F72-4D80-BFF1-1CC86BCB939D}.Debug|Mixed Platforms.ActiveCfg = Debug|Win32
		{303AFDA7-1F72-4D80-BFF1-1CC86BCB939D}.Debug|Mixed Platforms.Build.0 = Debug|Win32
		{303AFDA7-1F72-4D80-BFF1-1CC86BCB939D}.Debug|Win32.ActiveCfg = Debug|Win32
		{303AFDA7-1F72-4D80-BFF1-1CC86BCB939D}.Debug|Win32.Build.0 = Debug|Win32
		{303AFDA7-1F72-4D80-BFF1-1CC86BCB939D}.Debug|x64.ActiveCfg = Debug|x64
		{303AFDA7-1F72-4D80-BFF1-1CC86BCB939D}.Debug|x64.Build.0 = Debug|x64
		{303AFDA7-1F72-4D80-BFF1-1CC86BCB939D}.Release|Mixed Platforms.ActiveCfg = Release|Win32
		{303AFDA7-1F72-4D80-BFF1-1CC86BCB939D}.Release|Mixed Platforms.Build.0 = Release|Win32
		{303AFDA7-1F72-4D80-BFF1-1CC86BCB939D}.Release|Win32.ActiveCfg = Release|Win32
		{303AFDA7-1F72-4D80-BFF1-1CC86BCB939D}.Release|Win32.Build.0 = Release|Win32
		{303AFDA7-1F72-4D80-BFF1-1CC86BCB939D}.Release|x64.ActiveCfg = Release|x64
		{303AFDA7-1F72-4D80-BFF1-1CC86BCB939D}.Release|x64.Build.0 = Release|x64
		{77CA8AFF-9F3D-477B-9C8D-0BE960B8D162}.Debug|Mixed Platforms.ActiveCfg = Debug|Win32
		{77CA8AFF-9F3D-477B-9C8D-0BE960B8D162}.Debug|Mixed Platforms.Build.0 = Debug|Win32
		{77CA8AFF-9F3D-477B-9C8D-0BE960B8D162}.Debug|Win32.ActiveCfg = Debug|Win32
		{77CA8AFF-9F3D-477B-9C8D-0BE960B8D162}.Debug|Win32.Build.0 = Debug|Win32
		{77CA8AFF-9F3D-477B-9C8D-0BE960B8D162}.Debug|x64.ActiveCfg = Debug|x64
		{77CA8AFF-9F3D-477B-9C8D-0BE960B8D162}.Debug|x64.Build.0 = Debug|x64
		{77CA8AFF-9F3D-477B-9C8D-0BE960B8D162}.Release|Mixed Platforms.ActiveCfg = Release|Win32
		{77CA8AFF-9F3D-477B-9C8D-0BE960B8D162}.Release|Mixed Platforms.Build.0 = Release|Win32
		{77CA8AFF-9F3D-477B-9C8D-0BE960B8D162}.Release|Win32.ActiveCfg = Release|Win32
		{77CA8AFF-9F3D-477B-9C8D-0BE960B8D162}.Release|Win32.Build.0 = Release|Win32
		{77CA8AFF-9F3D-477B-9C8D-0BE960B8D162}.Release|x64.ActiveCfg = Release|x64
		{77CA8AFF-9F3D-477B-9C8D-0BE960B8D162}.Release|x64.Build.0 = Release|x64
	EndGlobalSection
	GlobalSection(SolutionProperties) = preSolution
		HideSolutionNode = FALSE
	EndGlobalSection
	GlobalSection(ExtensibilityGlobals) = postSolution
		VisualSVNWorkingCopyRoot = .
	EndGlobalSection
EndGlobal
