<?xml version="1.0" encoding="utf-8"?>
<Project ToolsVersion="4.0" xmlns="http://schemas.microsoft.com/developer/msbuild/2003">
  <ItemGroup>
    <ClCompile Include="src\Camera.cpp">
      <Filter>CPP</Filter>
    </ClCompile>
    <ClCompile Include="src\Device.cpp">
      <Filter>CPP</Filter>
    </ClCompile>
    <ClCompile Include="src\DeviceDX11.cpp">
      <Filter>CPP</Filter>
    </ClCompile>
    <ClCompile Include="src\DeviceDX11Imp.cpp">
      <Filter>CPP</Filter>
    </ClCompile>
    <ClCompile Include="src\Effect.cpp">
      <Filter>CPP</Filter>
    </ClCompile>
    <ClCompile Include="src\IndexBuffer.cpp">
      <Filter>CPP</Filter>
    </ClCompile>
    <ClCompile Include="src\Name.cpp">
      <Filter>CPP</Filter>
    </ClCompile>
    <ClCompile Include="src\RenderFragment.cpp">
      <Filter>CPP</Filter>
    </ClCompile>
    <ClCompile Include="src\RenderNode.cpp">
      <Filter>CPP</Filter>
    </ClCompile>
    <ClCompile Include="src\RenderTarget.cpp">
      <Filter>CPP</Filter>
    </ClCompile>
    <ClCompile Include="src\RenderTargetImp.cpp">
      <Filter>CPP</Filter>
    </ClCompile>
    <ClCompile Include="src\ResouceManager.cpp">
      <Filter>CPP</Filter>
    </ClCompile>
    <ClCompile Include="src\Resource.cpp">
      <Filter>CPP</Filter>
    </ClCompile>
    <ClCompile Include="src\Texture2D.cpp">
      <Filter>CPP</Filter>
    </ClCompile>
    <ClCompile Include="src\Texture2DImp.cpp">
      <Filter>CPP</Filter>
    </ClCompile>
    <ClCompile Include="src\VertexBuffer.cpp">
      <Filter>CPP</Filter>
    </ClCompile>
    <ClCompile Include="src\World.cpp">
      <Filter>CPP</Filter>
    </ClCompile>
    <ClCompile Include="src\ResourceFactory.cpp">
      <Filter>CPP</Filter>
    </ClCompile>
    <ClCompile Include="src\VertexBufferImp.cpp">
      <Filter>CPP</Filter>
    </ClCompile>
    <ClCompile Include="src\DataToD3D.cpp">
      <Filter>CPP</Filter>
    </ClCompile>
    <ClCompile Include="src\IndexBufferImp.cpp">
      <Filter>CPP</Filter>
    </ClCompile>
    <ClCompile Include="src\GeometryInstance.cpp">
      <Filter>CPP</Filter>
    </ClCompile>
    <ClCompile Include="src\RenderItem.cpp">
      <Filter>CPP</Filter>
    </ClCompile>
    <ClCompile Include="src\EffectSolid.cpp">
      <Filter>CPP</Filter>
    </ClCompile>
    <ClCompile Include="src\ShaderLibrary.cpp">
      <Filter>CPP</Filter>
    </ClCompile>
    <ClCompile Include="src\AccessInternal.cpp">
      <Filter>CPP</Filter>
    </ClCompile>
    <ClCompile Include="src\RenderNodeGrid.cpp">
      <Filter>CPP</Filter>
    </ClCompile>
  </ItemGroup>
  <ItemGroup>
    <ClInclude Include="..\includes\Graphics\Camera.h">
      <Filter>H</Filter>
    </ClInclude>
    <ClInclude Include="..\includes\Graphics\Device.h">
      <Filter>H</Filter>
    </ClInclude>
    <ClInclude Include="..\includes\Graphics\DeviceDX11.h">
      <Filter>H</Filter>
    </ClInclude>
    <ClInclude Include="..\includes\Graphics\Effect.h">
      <Filter>H</Filter>
    </ClInclude>
    <ClInclude Include="..\includes\Graphics\Enums.h">
      <Filter>H</Filter>
    </ClInclude>
    <ClInclude Include="..\includes\Graphics\IndexBuffer.h">
      <Filter>H</Filter>
    </ClInclude>
    <ClInclude Include="..\includes\Graphics\Name.h">
      <Filter>H</Filter>
    </ClInclude>
    <ClInclude Include="..\includes\Graphics\RenderFragment.h">
      <Filter>H</Filter>
    </ClInclude>
    <ClInclude Include="..\includes\Graphics\RenderNode.h">
      <Filter>H</Filter>
    </ClInclude>
    <ClInclude Include="..\includes\Graphics\RenderTarget.h">
      <Filter>H</Filter>
    </ClInclude>
    <ClInclude Include="..\includes\Graphics\Resource.h">
      <Filter>H</Filter>
    </ClInclude>
    <ClInclude Include="..\includes\Graphics\ResourceManager.h">
      <Filter>H</Filter>
    </ClInclude>
    <ClInclude Include="..\includes\Graphics\Texture2D.h">
      <Filter>H</Filter>
    </ClInclude>
    <ClInclude Include="..\includes\Graphics\VertexBuffer.h">
      <Filter>H</Filter>
    </ClInclude>
    <ClInclude Include="..\includes\Graphics\World.h">
      <Filter>H</Filter>
    </ClInclude>
    <ClInclude Include="..\includes\Internal\Graphics\DeviceDX11Imp.h">
      <Filter>H_Internal</Filter>
    </ClInclude>
    <ClInclude Include="..\includes\Internal\Graphics\RenderTargetImp.h">
      <Filter>H_Internal</Filter>
    </ClInclude>
    <ClInclude Include="..\includes\Internal\Graphics\Texture2DImp.h">
      <Filter>H_Internal</Filter>
    </ClInclude>
    <ClInclude Include="..\includes\Common\ZHSTD.h">
      <Filter>H\common</Filter>
    </ClInclude>
    <ClInclude Include="..\includes\Internal\Graphics\ResourceFactory.h">
      <Filter>H</Filter>
    </ClInclude>
    <ClInclude Include="..\includes\Internal\Graphics\Internal_common_graphics.h">
      <Filter>H_Internal</Filter>
    </ClInclude>
    <ClInclude Include="..\includes\Internal\Graphics\VertexBufferImp.h">
      <Filter>H_Internal</Filter>
    </ClInclude>
    <ClInclude Include="..\includes\Internal\Graphics\DataToD3D.h">
      <Filter>H_Internal</Filter>
    </ClInclude>
    <ClInclude Include="..\includes\Internal\Graphics\IndexBufferImp.h">
      <Filter>H_Internal</Filter>
    </ClInclude>
    <ClInclude Include="..\includes\Graphics\GeometryInstance.h">
      <Filter>H</Filter>
    </ClInclude>
    <ClInclude Include="..\includes\Graphics\RenderItem.h">
      <Filter>H</Filter>
    </ClInclude>
    <ClInclude Include="..\includes\Graphics\EffectSolid.h">
      <Filter>H</Filter>
    </ClInclude>
    <ClInclude Include="..\includes\Internal\Graphics\ShaderLibrary.h">
      <Filter>H_Internal</Filter>
    </ClInclude>
    <ClInclude Include="..\includes\Internal\Graphics\AccessInternal.h">
      <Filter>H_Internal</Filter>
    </ClInclude>
    <ClInclude Include="..\includes\Graphics\RenderNodeGrid.h">
      <Filter>H</Filter>
    </ClInclude>
    <ClInclude Include="..\includes\Graphics\ClassIdentifier.h">
      <Filter>H</Filter>
    </ClInclude>
  </ItemGroup>
  <ItemGroup>
    <Filter Include="H">
      <UniqueIdentifier>{ab11b2ab-17c1-4ccb-b31e-de54c5769a26}</UniqueIdentifier>
    </Filter>
    <Filter Include="H_Internal">
      <UniqueIdentifier>{3dca1515-9d24-4490-9344-84faf64befc9}</UniqueIdentifier>
    </Filter>
    <Filter Include="CPP">
      <UniqueIdentifier>{e355c065-28fe-4471-a9bf-598a9354ac81}</UniqueIdentifier>
    </Filter>
    <Filter Include="H\common">
      <UniqueIdentifier>{eaca558c-6312-48a6-a245-30e206d618e2}</UniqueIdentifier>
    </Filter>
  </ItemGroup>
</Project>