<?xml version="1.0" encoding="utf-8"?>
<Project ToolsVersion="4.0" xmlns="http://schemas.microsoft.com/developer/msbuild/2003">
  <ItemGroup>
    <Filter Include="Source Files">
      <UniqueIdentifier>{4FC737F1-C7A5-4376-A066-2A32D752A2FF}</UniqueIdentifier>
      <Extensions>cpp;c;cc;cxx;def;odl;idl;hpj;bat;asm;asmx</Extensions>
    </Filter>
    <Filter Include="Header Files">
      <UniqueIdentifier>{93995380-89BD-4b04-88EB-625FBE52EBFB}</UniqueIdentifier>
      <Extensions>h;hpp;hxx;hm;inl;inc;xsd</Extensions>
    </Filter>
    <Filter Include="Resource Files">
      <UniqueIdentifier>{67DA6AB6-F800-4c08-8B7A-83BB121AAD01}</UniqueIdentifier>
      <Extensions>rc;ico;cur;bmp;dlg;rc2;rct;bin;rgs;gif;jpg;jpeg;jpe;resx;tiff;tif;png;wav;mfcribbon-ms</Extensions>
    </Filter>
    <Filter Include="Header Files\Internal">
      <UniqueIdentifier>{1b669f5a-defd-48f1-8c7f-0eced64c5172}</UniqueIdentifier>
    </Filter>
    <Filter Include="Header Files\Internal\Common">
      <UniqueIdentifier>{96eacf1c-168e-4ad8-8963-4096cbbadd58}</UniqueIdentifier>
    </Filter>
    <Filter Include="Header Files\Internal\Graphics">
      <UniqueIdentifier>{896d6b06-a8fa-4868-9e12-6e1a2b8e631b}</UniqueIdentifier>
    </Filter>
  </ItemGroup>
  <ItemGroup>
    <ClInclude Include="..\includes\Graphics\Caches.h">
      <Filter>Header Files</Filter>
    </ClInclude>
    <ClInclude Include="..\includes\Graphics\Device.h">
      <Filter>Header Files</Filter>
    </ClInclude>
    <ClInclude Include="..\includes\Graphics\DeviceDX11.h">
      <Filter>Header Files</Filter>
    </ClInclude>
    <ClInclude Include="..\includes\Graphics\Effect.h">
      <Filter>Header Files</Filter>
    </ClInclude>
    <ClInclude Include="..\includes\Graphics\Enums.h">
      <Filter>Header Files</Filter>
    </ClInclude>
    <ClInclude Include="..\includes\Graphics\IndexBuffer.h">
      <Filter>Header Files</Filter>
    </ClInclude>
    <ClInclude Include="..\includes\Graphics\RenderNode.h">
      <Filter>Header Files</Filter>
    </ClInclude>
    <ClInclude Include="..\includes\Graphics\Resource.h">
      <Filter>Header Files</Filter>
    </ClInclude>
    <ClInclude Include="..\includes\Graphics\Texture2D.h">
      <Filter>Header Files</Filter>
    </ClInclude>
    <ClInclude Include="..\includes\Graphics\VertexBuffer.h">
      <Filter>Header Files</Filter>
    </ClInclude>
    <ClInclude Include="..\includes\Graphics\World.h">
      <Filter>Header Files</Filter>
    </ClInclude>
    <ClInclude Include="..\includes\Common\ZHSTD.h">
      <Filter>Header Files</Filter>
    </ClInclude>
    <ClInclude Include="..\includes\Internal\Graphics\DeviceDX11Imp.h">
      <Filter>Header Files\Internal\Graphics</Filter>
    </ClInclude>
    <ClInclude Include="..\includes\Internal\Common\internal_common.h">
      <Filter>Header Files\Internal\Common</Filter>
    </ClInclude>
    <ClInclude Include="..\includes\Internal\Graphics\WorldImp.h">
      <Filter>Header Files\Internal\Graphics</Filter>
    </ClInclude>
    <ClInclude Include="..\includes\Graphics\Name.h">
      <Filter>Header Files</Filter>
    </ClInclude>
    <ClInclude Include="..\includes\Graphics\Camera.h">
      <Filter>Header Files</Filter>
    </ClInclude>
  </ItemGroup>
  <ItemGroup>
    <ClCompile Include="src\Caches.cpp">
      <Filter>Source Files</Filter>
    </ClCompile>
    <ClCompile Include="src\Device.cpp">
      <Filter>Source Files</Filter>
    </ClCompile>
    <ClCompile Include="src\DeviceDX11.cpp">
      <Filter>Source Files</Filter>
    </ClCompile>
    <ClCompile Include="src\DeviceDX11Imp.cpp">
      <Filter>Source Files</Filter>
    </ClCompile>
    <ClCompile Include="src\Effect.cpp">
      <Filter>Source Files</Filter>
    </ClCompile>
    <ClCompile Include="src\IndexBuffer.cpp">
      <Filter>Source Files</Filter>
    </ClCompile>
    <ClCompile Include="src\Name.cpp">
      <Filter>Source Files</Filter>
    </ClCompile>
    <ClCompile Include="src\RenderNode.cpp">
      <Filter>Source Files</Filter>
    </ClCompile>
    <ClCompile Include="src\Resource.cpp">
      <Filter>Source Files</Filter>
    </ClCompile>
    <ClCompile Include="src\Texture2D.cpp">
      <Filter>Source Files</Filter>
    </ClCompile>
    <ClCompile Include="src\VertexBuffer.cpp">
      <Filter>Source Files</Filter>
    </ClCompile>
    <ClCompile Include="src\World.cpp">
      <Filter>Source Files</Filter>
    </ClCompile>
    <ClCompile Include="src\WorldImp.cpp">
      <Filter>Source Files</Filter>
    </ClCompile>
    <ClCompile Include="src\Camera.cpp">
      <Filter>Source Files</Filter>
    </ClCompile>
  </ItemGroup>
</Project>