<?xml version="1.0" encoding="utf-8"?>
<Project ToolsVersion="4.0" xmlns="http://schemas.microsoft.com/developer/msbuild/2003">
  <ItemGroup>
    <Filter Include="Header Files">
      <UniqueIdentifier>{acfa6223-ed95-4a5f-98d2-786156d7df6e}</UniqueIdentifier>
    </Filter>
    <Filter Include="Source Files">
      <UniqueIdentifier>{be86cb2b-754b-4481-8cec-31b8c506cc91}</UniqueIdentifier>
    </Filter>
  </ItemGroup>
  <ItemGroup>
    <ClCompile Include="main.cpp">
      <Filter>Source Files</Filter>
    </ClCompile>
    <ClCompile Include="BaseTestor.cpp">
      <Filter>Source Files</Filter>
    </ClCompile>
    <ClCompile Include="VectorTestor.cpp">
      <Filter>Source Files</Filter>
    </ClCompile>
    <ClCompile Include="MatrixTestor.cpp">
      <Filter>Source Files</Filter>
    </ClCompile>
  </ItemGroup>
  <ItemGroup>
    <ClInclude Include="BaseTestor.h">
      <Filter>Header Files</Filter>
    </ClInclude>
    <ClInclude Include="VectorTestor.h">
      <Filter>Header Files</Filter>
    </ClInclude>
    <ClInclude Include="MatrixTestor.h">
      <Filter>Header Files</Filter>
    </ClInclude>
  </ItemGroup>
</Project>