<?xml version="1.0" encoding="utf-8"?>
<Project ToolsVersion="4.0" xmlns="http://schemas.microsoft.com/developer/msbuild/2003">
  <ItemGroup>
    <ClCompile Include="simple-draw.cpp">
      <Filter>cpp</Filter>
    </ClCompile>
  </ItemGroup>
  <ItemGroup>
    <Filter Include="cpp">
      <UniqueIdentifier>{822df881-7ae3-4baa-a420-3a762a40d74c}</UniqueIdentifier>
    </Filter>
  </ItemGroup>
</Project>